<Solution>
  <Folder Name="/Solution Items/">
    <File Path="README.md" />
  </Folder>
  <Project Path="GameServerManager.Core.Abstractions/GameServerManager.Core.Abstractions.csproj" Id="6a83c044-10e3-4a0e-aa07-5b364d0fd621" />
  <Project Path="GameServerManager.Core/GameServerManager.Core.csproj" Id="6fc186c2-71ac-40bb-a3e8-ce045e2b8ee1" />
  <Project Path="GameServerManager.Engine.Application/GameServerManager.Engine.Application.csproj" Id="a44bffd9-84a3-4d3a-bc89-13a45c94cc21" />
  <Project Path="GameServerManager.Engine.Domain/GameServerManager.Engine.Domain.csproj" Id="334407ea-51a7-44ec-8967-a511c98f1ede" />
  <Project Path="GameServerManager.Engine.Infrastructure/GameServerManager.Engine.Infrastructure.csproj" Id="fb4a4b2b-0159-414d-b248-a2c1104ed884" />
  <Project Path="GameServerManager.Engine.Presentation/GameServerManager.Engine.Presentation.csproj" Id="e2b453aa-ca5f-4c59-8fce-f9f3d5954d5f" />
  <Project Path="GameServerManager.Engine/GameServerManager.Engine.csproj" Id="f49b1ecc-8d6b-4544-8203-532d816ba01d" />
  <Project Path="GameServerManager.Features.Lifecycle/GameServerManager.Features.Lifecycle.csproj" Id="48460d9a-f45f-4703-81a5-455fda01180a" />
  <Project Path="GameServerManager.Plugin.Core/GameServerManager.Plugin.Core.csproj" Id="44d0a9dd-8f44-4352-b3b2-a7a4c8af4ca9" />
  <Project Path="GameServerManager.Skeleton/GameServerManager.Skeleton.csproj" Id="4394a226-c0dd-4568-9633-960a2c976985" />
</Solution>
